
Microsoft Visual Studio Solution File, Format Version 12.00
# Visual Studio 15
VisualStudioVersion = 15.0.26730.16
MinimumVisualStudioVersion = 10.0.40219.1
Project("{FAE04EC0-301F-11D3-BF4B-00C04F79EFBC}") = "Agenda.Domain", "DevStoreDomain\Agenda.Domain.csproj", "{A2300024-071B-4CFA-A042-655907A0ED8A}"
EndProject
Project("{FAE04EC0-301F-11D3-BF4B-00C04F79EFBC}") = "Agenda.Infra", "DevStore.Infra\Agenda.Infra.csproj", "{EC618E5B-13EA-47BB-8E88-9B545C03DEA1}"
EndProject
Project("{FAE04EC0-301F-11D3-BF4B-00C04F79EFBC}") = "Agenda.Api", "Agenda.Api\Agenda.Api.csproj", "{9D28F78E-EBEA-4D6E-95EE-A161B625F870}"
EndProject
Global
	GlobalSection(SolutionConfigurationPlatforms) = preSolution
		Debug|Any CPU = Debug|Any CPU
		Release|Any CPU = Release|Any CPU
	EndGlobalSection
	GlobalSection(ProjectConfigurationPlatforms) = postSolution
		{A2300024-071B-4CFA-A042-655907A0ED8A}.Debug|Any CPU.ActiveCfg = Debug|Any CPU
		{A2300024-071B-4CFA-A042-655907A0ED8A}.Debug|Any CPU.Build.0 = Debug|Any CPU
		{A2300024-071B-4CFA-A042-655907A0ED8A}.Release|Any CPU.ActiveCfg = Release|Any CPU
		{A2300024-071B-4CFA-A042-655907A0ED8A}.Release|Any CPU.Build.0 = Release|Any CPU
		{EC618E5B-13EA-47BB-8E88-9B545C03DEA1}.Debug|Any CPU.ActiveCfg = Debug|Any CPU
		{EC618E5B-13EA-47BB-8E88-9B545C03DEA1}.Debug|Any CPU.Build.0 = Debug|Any CPU
		{EC618E5B-13EA-47BB-8E88-9B545C03DEA1}.Release|Any CPU.ActiveCfg = Release|Any CPU
		{EC618E5B-13EA-47BB-8E88-9B545C03DEA1}.Release|Any CPU.Build.0 = Release|Any CPU
		{9D28F78E-EBEA-4D6E-95EE-A161B625F870}.Debug|Any CPU.ActiveCfg = Debug|Any CPU
		{9D28F78E-EBEA-4D6E-95EE-A161B625F870}.Debug|Any CPU.Build.0 = Debug|Any CPU
		{9D28F78E-EBEA-4D6E-95EE-A161B625F870}.Release|Any CPU.ActiveCfg = Release|Any CPU
		{9D28F78E-EBEA-4D6E-95EE-A161B625F870}.Release|Any CPU.Build.0 = Release|Any CPU
	EndGlobalSection
	GlobalSection(SolutionProperties) = preSolution
		HideSolutionNode = FALSE
	EndGlobalSection
	GlobalSection(ExtensibilityGlobals) = postSolution
		SolutionGuid = {92B45658-2D2D-49DA-86EB-8A87697BC5D8}
	EndGlobalSection
EndGlobal
